// !$*UTF8*$!
{
	archiveVersion = 1;
	classes = {
	};
	objectVersion = 55;
	objects = {

/* Begin PBXBuildFile section */
		844D6D2027FB5BFE00B2A6A0 /* UIImageViewExtension.swift in Sources */ = {isa = PBXBuildFile; fileRef = 844D6D1F27FB5BFE00B2A6A0 /* UIImageViewExtension.swift */; };
		8478B47927FA132D00D37658 /* WeatherInLocationTableViewCell.swift in Sources */ = {isa = PBXBuildFile; fileRef = 8478B47827FA132D00D37658 /* WeatherInLocationTableViewCell.swift */; };
		84DB039027F377CB008CF11C /* AppDelegate.swift in Sources */ = {isa = PBXBuildFile; fileRef = 84DB038F27F377CB008CF11C /* AppDelegate.swift */; };
		84DB039227F377CB008CF11C /* SceneDelegate.swift in Sources */ = {isa = PBXBuildFile; fileRef = 84DB039127F377CB008CF11C /* SceneDelegate.swift */; };
		84DB039427F377CB008CF11C /* MainViewController.swift in Sources */ = {isa = PBXBuildFile; fileRef = 84DB039327F377CB008CF11C /* MainViewController.swift */; };
		84DB039927F377D0008CF11C /* Assets.xcassets in Resources */ = {isa = PBXBuildFile; fileRef = 84DB039827F377D0008CF11C /* Assets.xcassets */; };
		84DB039C27F377D0008CF11C /* LaunchScreen.storyboard in Resources */ = {isa = PBXBuildFile; fileRef = 84DB039A27F377D0008CF11C /* LaunchScreen.storyboard */; };
		84DB03A727F37808008CF11C /* NetworkManager.swift in Sources */ = {isa = PBXBuildFile; fileRef = 84DB03A627F37808008CF11C /* NetworkManager.swift */; };
		84DB03A927F3782D008CF11C /* MainPresenter.swift in Sources */ = {isa = PBXBuildFile; fileRef = 84DB03A827F3782D008CF11C /* MainPresenter.swift */; };
		84DB03AB27F37936008CF11C /* Assembly.swift in Sources */ = {isa = PBXBuildFile; fileRef = 84DB03AA27F37936008CF11C /* Assembly.swift */; };
		84DB03AD27F379C8008CF11C /* WeatherInCity.swift in Sources */ = {isa = PBXBuildFile; fileRef = 84DB03AC27F379C8008CF11C /* WeatherInCity.swift */; };
		84DB03B127F77756008CF11C /* WeatherInLocationCell.xib in Resources */ = {isa = PBXBuildFile; fileRef = 84DB03B027F77756008CF11C /* WeatherInLocationCell.xib */; };
		84DB03B327F77BE5008CF11C /* WeatherByTheHour.xib in Resources */ = {isa = PBXBuildFile; fileRef = 84DB03B227F77BE5008CF11C /* WeatherByTheHour.xib */; };
		84DB03B927F785BC008CF11C /* WeatherPerHourModel.swift in Sources */ = {isa = PBXBuildFile; fileRef = 84DB03B827F785BC008CF11C /* WeatherPerHourModel.swift */; };
		84DB03BF27F791CA008CF11C /* WeatherPerHourCell.swift in Sources */ = {isa = PBXBuildFile; fileRef = 84DB03BE27F791CA008CF11C /* WeatherPerHourCell.swift */; };
		84DB03C327F7928A008CF11C /* WeatherPerHourCollectionView.swift in Sources */ = {isa = PBXBuildFile; fileRef = 84DB03C227F7928A008CF11C /* WeatherPerHourCollectionView.swift */; };
		84DB03C527F840F4008CF11C /* MainTableView.swift in Sources */ = {isa = PBXBuildFile; fileRef = 84DB03C427F840F4008CF11C /* MainTableView.swift */; };
		84DB03C727F8414D008CF11C /* PerHourTableViewCell.swift in Sources */ = {isa = PBXBuildFile; fileRef = 84DB03C627F8414D008CF11C /* PerHourTableViewCell.swift */; };
/* End PBXBuildFile section */

/* Begin PBXFileReference section */
		844D6D1F27FB5BFE00B2A6A0 /* UIImageViewExtension.swift */ = {isa = PBXFileReference; lastKnownFileType = sourcecode.swift; path = UIImageViewExtension.swift; sourceTree = "<group>"; };
		8478B47827FA132D00D37658 /* WeatherInLocationTableViewCell.swift */ = {isa = PBXFileReference; lastKnownFileType = sourcecode.swift; path = WeatherInLocationTableViewCell.swift; sourceTree = "<group>"; };
		84DB038C27F377CB008CF11C /* Weather.app */ = {isa = PBXFileReference; explicitFileType = wrapper.application; includeInIndex = 0; path = Weather.app; sourceTree = BUILT_PRODUCTS_DIR; };
		84DB038F27F377CB008CF11C /* AppDelegate.swift */ = {isa = PBXFileReference; lastKnownFileType = sourcecode.swift; path = AppDelegate.swift; sourceTree = "<group>"; };
		84DB039127F377CB008CF11C /* SceneDelegate.swift */ = {isa = PBXFileReference; lastKnownFileType = sourcecode.swift; path = SceneDelegate.swift; sourceTree = "<group>"; };
		84DB039327F377CB008CF11C /* MainViewController.swift */ = {isa = PBXFileReference; lastKnownFileType = sourcecode.swift; path = MainViewController.swift; sourceTree = "<group>"; };
		84DB039827F377D0008CF11C /* Assets.xcassets */ = {isa = PBXFileReference; lastKnownFileType = folder.assetcatalog; path = Assets.xcassets; sourceTree = "<group>"; };
		84DB039B27F377D0008CF11C /* Base */ = {isa = PBXFileReference; lastKnownFileType = file.storyboard; name = Base; path = Base.lproj/LaunchScreen.storyboard; sourceTree = "<group>"; };
		84DB039D27F377D0008CF11C /* Info.plist */ = {isa = PBXFileReference; lastKnownFileType = text.plist.xml; path = Info.plist; sourceTree = "<group>"; };
		84DB03A627F37808008CF11C /* NetworkManager.swift */ = {isa = PBXFileReference; lastKnownFileType = sourcecode.swift; path = NetworkManager.swift; sourceTree = "<group>"; };
		84DB03A827F3782D008CF11C /* MainPresenter.swift */ = {isa = PBXFileReference; lastKnownFileType = sourcecode.swift; path = MainPresenter.swift; sourceTree = "<group>"; };
		84DB03AA27F37936008CF11C /* Assembly.swift */ = {isa = PBXFileReference; lastKnownFileType = sourcecode.swift; path = Assembly.swift; sourceTree = "<group>"; };
		84DB03AC27F379C8008CF11C /* WeatherInCity.swift */ = {isa = PBXFileReference; lastKnownFileType = sourcecode.swift; path = WeatherInCity.swift; sourceTree = "<group>"; };
		84DB03B027F77756008CF11C /* WeatherInLocationCell.xib */ = {isa = PBXFileReference; lastKnownFileType = file.xib; path = WeatherInLocationCell.xib; sourceTree = "<group>"; };
		84DB03B227F77BE5008CF11C /* WeatherByTheHour.xib */ = {isa = PBXFileReference; lastKnownFileType = file.xib; path = WeatherByTheHour.xib; sourceTree = "<group>"; };
		84DB03B827F785BC008CF11C /* WeatherPerHourModel.swift */ = {isa = PBXFileReference; lastKnownFileType = sourcecode.swift; path = WeatherPerHourModel.swift; sourceTree = "<group>"; };
		84DB03BE27F791CA008CF11C /* WeatherPerHourCell.swift */ = {isa = PBXFileReference; lastKnownFileType = sourcecode.swift; path = WeatherPerHourCell.swift; sourceTree = "<group>"; };
		84DB03C227F7928A008CF11C /* WeatherPerHourCollectionView.swift */ = {isa = PBXFileReference; lastKnownFileType = sourcecode.swift; path = WeatherPerHourCollectionView.swift; sourceTree = "<group>"; };
		84DB03C427F840F4008CF11C /* MainTableView.swift */ = {isa = PBXFileReference; lastKnownFileType = sourcecode.swift; path = MainTableView.swift; sourceTree = "<group>"; };
		84DB03C627F8414D008CF11C /* PerHourTableViewCell.swift */ = {isa = PBXFileReference; lastKnownFileType = sourcecode.swift; path = PerHourTableViewCell.swift; sourceTree = "<group>"; };
/* End PBXFileReference section */

/* Begin PBXFrameworksBuildPhase section */
		84DB038927F377CB008CF11C /* Frameworks */ = {
			isa = PBXFrameworksBuildPhase;
			buildActionMask = 2147483647;
			files = (
			);
			runOnlyForDeploymentPostprocessing = 0;
		};
/* End PBXFrameworksBuildPhase section */

/* Begin PBXGroup section */
		844D6D1E27FB5A9C00B2A6A0 /* PerHourTableViewCell */ = {
			isa = PBXGroup;
			children = (
				84DB03C627F8414D008CF11C /* PerHourTableViewCell.swift */,
				84DB03C227F7928A008CF11C /* WeatherPerHourCollectionView.swift */,
				84DB03BE27F791CA008CF11C /* WeatherPerHourCell.swift */,
				844D6D1F27FB5BFE00B2A6A0 /* UIImageViewExtension.swift */,
			);
			path = PerHourTableViewCell;
			sourceTree = "<group>";
		};
		8478B47C27FA3CCC00D37658 /* Cells */ = {
			isa = PBXGroup;
			children = (
				844D6D1E27FB5A9C00B2A6A0 /* PerHourTableViewCell */,
				8478B47827FA132D00D37658 /* WeatherInLocationTableViewCell.swift */,
				84DB03B027F77756008CF11C /* WeatherInLocationCell.xib */,
			);
			path = Cells;
			sourceTree = "<group>";
		};
		8478B47D27FA407300D37658 /* Supporiting */ = {
			isa = PBXGroup;
			children = (
				84DB038F27F377CB008CF11C /* AppDelegate.swift */,
				84DB039127F377CB008CF11C /* SceneDelegate.swift */,
			);
			path = Supporiting;
			sourceTree = "<group>";
		};
		8478B47E27FA408F00D37658 /* Storyboard */ = {
			isa = PBXGroup;
			children = (
				84DB039A27F377D0008CF11C /* LaunchScreen.storyboard */,
			);
			path = Storyboard;
			sourceTree = "<group>";
		};
		8478B47F27FA40AE00D37658 /* Resources */ = {
			isa = PBXGroup;
			children = (
				84DB039827F377D0008CF11C /* Assets.xcassets */,
			);
			path = Resources;
			sourceTree = "<group>";
		};
		84DB038327F377CB008CF11C = {
			isa = PBXGroup;
			children = (
				84DB03B227F77BE5008CF11C /* WeatherByTheHour.xib */,
				84DB038E27F377CB008CF11C /* Weather */,
				84DB038D27F377CB008CF11C /* Products */,
			);
			sourceTree = "<group>";
		};
		84DB038D27F377CB008CF11C /* Products */ = {
			isa = PBXGroup;
			children = (
				84DB038C27F377CB008CF11C /* Weather.app */,
			);
			name = Products;
			sourceTree = "<group>";
		};
		84DB038E27F377CB008CF11C /* Weather */ = {
			isa = PBXGroup;
			children = (
				84DB03AA27F37936008CF11C /* Assembly.swift */,
				84DB03A527F377EF008CF11C /* Model */,
				84DB03A427F377E9008CF11C /* View */,
				84DB03A327F377E0008CF11C /* Presenter */,
				8478B47D27FA407300D37658 /* Supporiting */,
				8478B47F27FA40AE00D37658 /* Resources */,
				8478B47E27FA408F00D37658 /* Storyboard */,
				84DB039D27F377D0008CF11C /* Info.plist */,
			);
			path = Weather;
			sourceTree = "<group>";
		};
		84DB03A327F377E0008CF11C /* Presenter */ = {
			isa = PBXGroup;
			children = (
				84DB03A627F37808008CF11C /* NetworkManager.swift */,
				84DB03A827F3782D008CF11C /* MainPresenter.swift */,
			);
			path = Presenter;
			sourceTree = "<group>";
		};
		84DB03A427F377E9008CF11C /* View */ = {
			isa = PBXGroup;
			children = (
				8478B47C27FA3CCC00D37658 /* Cells */,
				84DB039327F377CB008CF11C /* MainViewController.swift */,
				84DB03C427F840F4008CF11C /* MainTableView.swift */,
			);
			path = View;
			sourceTree = "<group>";
		};
		84DB03A527F377EF008CF11C /* Model */ = {
			isa = PBXGroup;
			children = (
				84DB03AC27F379C8008CF11C /* WeatherInCity.swift */,
				84DB03B827F785BC008CF11C /* WeatherPerHourModel.swift */,
			);
			path = Model;
			sourceTree = "<group>";
		};
/* End PBXGroup section */

/* Begin PBXNativeTarget section */
		84DB038B27F377CB008CF11C /* Weather */ = {
			isa = PBXNativeTarget;
			buildConfigurationList = 84DB03A027F377D0008CF11C /* Build configuration list for PBXNativeTarget "Weather" */;
			buildPhases = (
				84DB038827F377CB008CF11C /* Sources */,
				84DB038927F377CB008CF11C /* Frameworks */,
				84DB038A27F377CB008CF11C /* Resources */,
			);
			buildRules = (
			);
			dependencies = (
			);
			name = Weather;
			productName = Weather;
			productReference = 84DB038C27F377CB008CF11C /* Weather.app */;
			productType = "com.apple.product-type.application";
		};
/* End PBXNativeTarget section */

/* Begin PBXProject section */
		84DB038427F377CB008CF11C /* Project object */ = {
			isa = PBXProject;
			attributes = {
				BuildIndependentTargetsInParallel = 1;
				LastSwiftUpdateCheck = 1320;
				LastUpgradeCheck = 1320;
				TargetAttributes = {
					84DB038B27F377CB008CF11C = {
						CreatedOnToolsVersion = 13.2.1;
					};
				};
			};
			buildConfigurationList = 84DB038727F377CB008CF11C /* Build configuration list for PBXProject "Weather" */;
			compatibilityVersion = "Xcode 13.0";
			developmentRegion = en;
			hasScannedForEncodings = 0;
			knownRegions = (
				en,
				Base,
			);
			mainGroup = 84DB038327F377CB008CF11C;
			productRefGroup = 84DB038D27F377CB008CF11C /* Products */;
			projectDirPath = "";
			projectRoot = "";
			targets = (
				84DB038B27F377CB008CF11C /* Weather */,
			);
		};
/* End PBXProject section */

/* Begin PBXResourcesBuildPhase section */
		84DB038A27F377CB008CF11C /* Resources */ = {
			isa = PBXResourcesBuildPhase;
			buildActionMask = 2147483647;
			files = (
				84DB039C27F377D0008CF11C /* LaunchScreen.storyboard in Resources */,
				84DB03B127F77756008CF11C /* WeatherInLocationCell.xib in Resources */,
				84DB039927F377D0008CF11C /* Assets.xcassets in Resources */,
				84DB03B327F77BE5008CF11C /* WeatherByTheHour.xib in Resources */,
			);
			runOnlyForDeploymentPostprocessing = 0;
		};
/* End PBXResourcesBuildPhase section */

/* Begin PBXSourcesBuildPhase section */
		84DB038827F377CB008CF11C /* Sources */ = {
			isa = PBXSourcesBuildPhase;
			buildActionMask = 2147483647;
			files = (
				84DB03A927F3782D008CF11C /* MainPresenter.swift in Sources */,
				84DB03C327F7928A008CF11C /* WeatherPerHourCollectionView.swift in Sources */,
				84DB03AB27F37936008CF11C /* Assembly.swift in Sources */,
				84DB039427F377CB008CF11C /* MainViewController.swift in Sources */,
				84DB039027F377CB008CF11C /* AppDelegate.swift in Sources */,
				84DB03A727F37808008CF11C /* NetworkManager.swift in Sources */,
				84DB039227F377CB008CF11C /* SceneDelegate.swift in Sources */,
				84DB03AD27F379C8008CF11C /* WeatherInCity.swift in Sources */,
				844D6D2027FB5BFE00B2A6A0 /* UIImageViewExtension.swift in Sources */,
				84DB03BF27F791CA008CF11C /* WeatherPerHourCell.swift in Sources */,
				8478B47927FA132D00D37658 /* WeatherInLocationTableViewCell.swift in Sources */,
				84DB03B927F785BC008CF11C /* WeatherPerHourModel.swift in Sources */,
				84DB03C727F8414D008CF11C /* PerHourTableViewCell.swift in Sources */,
				84DB03C527F840F4008CF11C /* MainTableView.swift in Sources */,
			);
			runOnlyForDeploymentPostprocessing = 0;
		};
/* End PBXSourcesBuildPhase section */

/* Begin PBXVariantGroup section */
		84DB039A27F377D0008CF11C /* LaunchScreen.storyboard */ = {
			isa = PBXVariantGroup;
			children = (
				84DB039B27F377D0008CF11C /* Base */,
			);
			name = LaunchScreen.storyboard;
			sourceTree = "<group>";
		};
/* End PBXVariantGroup section */

/* Begin XCBuildConfiguration section */
		84DB039E27F377D0008CF11C /* Debug */ = {
			isa = XCBuildConfiguration;
			buildSettings = {
				ALWAYS_SEARCH_USER_PATHS = NO;
				CLANG_ANALYZER_NONNULL = YES;
				CLANG_ANALYZER_NUMBER_OBJECT_CONVERSION = YES_AGGRESSIVE;
				CLANG_CXX_LANGUAGE_STANDARD = "gnu++17";
				CLANG_CXX_LIBRARY = "libc++";
				CLANG_ENABLE_MODULES = YES;
				CLANG_ENABLE_OBJC_ARC = YES;
				CLANG_ENABLE_OBJC_WEAK = YES;
				CLANG_WARN_BLOCK_CAPTURE_AUTORELEASING = YES;
				CLANG_WARN_BOOL_CONVERSION = YES;
				CLANG_WARN_COMMA = YES;
				CLANG_WARN_CONSTANT_CONVERSION = YES;
				CLANG_WARN_DEPRECATED_OBJC_IMPLEMENTATIONS = YES;
				CLANG_WARN_DIRECT_OBJC_ISA_USAGE = YES_ERROR;
				CLANG_WARN_DOCUMENTATION_COMMENTS = YES;
				CLANG_WARN_EMPTY_BODY = YES;
				CLANG_WARN_ENUM_CONVERSION = YES;
				CLANG_WARN_INFINITE_RECURSION = YES;
				CLANG_WARN_INT_CONVERSION = YES;
				CLANG_WARN_NON_LITERAL_NULL_CONVERSION = YES;
				CLANG_WARN_OBJC_IMPLICIT_RETAIN_SELF = YES;
				CLANG_WARN_OBJC_LITERAL_CONVERSION = YES;
				CLANG_WARN_OBJC_ROOT_CLASS = YES_ERROR;
				CLANG_WARN_QUOTED_INCLUDE_IN_FRAMEWORK_HEADER = YES;
				CLANG_WARN_RANGE_LOOP_ANALYSIS = YES;
				CLANG_WARN_STRICT_PROTOTYPES = YES;
				CLANG_WARN_SUSPICIOUS_MOVE = YES;
				CLANG_WARN_UNGUARDED_AVAILABILITY = YES_AGGRESSIVE;
				CLANG_WARN_UNREACHABLE_CODE = YES;
				CLANG_WARN__DUPLICATE_METHOD_MATCH = YES;
				COPY_PHASE_STRIP = NO;
				DEBUG_INFORMATION_FORMAT = dwarf;
				ENABLE_STRICT_OBJC_MSGSEND = YES;
				ENABLE_TESTABILITY = YES;
				GCC_C_LANGUAGE_STANDARD = gnu11;
				GCC_DYNAMIC_NO_PIC = NO;
				GCC_NO_COMMON_BLOCKS = YES;
				GCC_OPTIMIZATION_LEVEL = 0;
				GCC_PREPROCESSOR_DEFINITIONS = (
					"DEBUG=1",
					"$(inherited)",
				);
				GCC_WARN_64_TO_32_BIT_CONVERSION = YES;
				GCC_WARN_ABOUT_RETURN_TYPE = YES_ERROR;
				GCC_WARN_UNDECLARED_SELECTOR = YES;
				GCC_WARN_UNINITIALIZED_AUTOS = YES_AGGRESSIVE;
				GCC_WARN_UNUSED_FUNCTION = YES;
				GCC_WARN_UNUSED_VARIABLE = YES;
				IPHONEOS_DEPLOYMENT_TARGET = 15.2;
				MTL_ENABLE_DEBUG_INFO = INCLUDE_SOURCE;
				MTL_FAST_MATH = YES;
				ONLY_ACTIVE_ARCH = YES;
				SDKROOT = iphoneos;
				SWIFT_ACTIVE_COMPILATION_CONDITIONS = DEBUG;
				SWIFT_OPTIMIZATION_LEVEL = "-Onone";
			};
			name = Debug;
		};
		84DB039F27F377D0008CF11C /* Release */ = {
			isa = XCBuildConfiguration;
			buildSettings = {
				ALWAYS_SEARCH_USER_PATHS = NO;
				CLANG_ANALYZER_NONNULL = YES;
				CLANG_ANALYZER_NUMBER_OBJECT_CONVERSION = YES_AGGRESSIVE;
				CLANG_CXX_LANGUAGE_STANDARD = "gnu++17";
				CLANG_CXX_LIBRARY = "libc++";
				CLANG_ENABLE_MODULES = YES;
				CLANG_ENABLE_OBJC_ARC = YES;
				CLANG_ENABLE_OBJC_WEAK = YES;
				CLANG_WARN_BLOCK_CAPTURE_AUTORELEASING = YES;
				CLANG_WARN_BOOL_CONVERSION = YES;
				CLANG_WARN_COMMA = YES;
				CLANG_WARN_CONSTANT_CONVERSION = YES;
				CLANG_WARN_DEPRECATED_OBJC_IMPLEMENTATIONS = YES;
				CLANG_WARN_DIRECT_OBJC_ISA_USAGE = YES_ERROR;
				CLANG_WARN_DOCUMENTATION_COMMENTS = YES;
				CLANG_WARN_EMPTY_BODY = YES;
				CLANG_WARN_ENUM_CONVERSION = YES;
				CLANG_WARN_INFINITE_RECURSION = YES;
				CLANG_WARN_INT_CONVERSION = YES;
				CLANG_WARN_NON_LITERAL_NULL_CONVERSION = YES;
				CLANG_WARN_OBJC_IMPLICIT_RETAIN_SELF = YES;
				CLANG_WARN_OBJC_LITERAL_CONVERSION = YES;
				CLANG_WARN_OBJC_ROOT_CLASS = YES_ERROR;
				CLANG_WARN_QUOTED_INCLUDE_IN_FRAMEWORK_HEADER = YES;
				CLANG_WARN_RANGE_LOOP_ANALYSIS = YES;
				CLANG_WARN_STRICT_PROTOTYPES = YES;
				CLANG_WARN_SUSPICIOUS_MOVE = YES;
				CLANG_WARN_UNGUARDED_AVAILABILITY = YES_AGGRESSIVE;
				CLANG_WARN_UNREACHABLE_CODE = YES;
				CLANG_WARN__DUPLICATE_METHOD_MATCH = YES;
				COPY_PHASE_STRIP = NO;
				DEBUG_INFORMATION_FORMAT = "dwarf-with-dsym";
				ENABLE_NS_ASSERTIONS = NO;
				ENABLE_STRICT_OBJC_MSGSEND = YES;
				GCC_C_LANGUAGE_STANDARD = gnu11;
				GCC_NO_COMMON_BLOCKS = YES;
				GCC_WARN_64_TO_32_BIT_CONVERSION = YES;
				GCC_WARN_ABOUT_RETURN_TYPE = YES_ERROR;
				GCC_WARN_UNDECLARED_SELECTOR = YES;
				GCC_WARN_UNINITIALIZED_AUTOS = YES_AGGRESSIVE;
				GCC_WARN_UNUSED_FUNCTION = YES;
				GCC_WARN_UNUSED_VARIABLE = YES;
				IPHONEOS_DEPLOYMENT_TARGET = 15.2;
				MTL_ENABLE_DEBUG_INFO = NO;
				MTL_FAST_MATH = YES;
				SDKROOT = iphoneos;
				SWIFT_COMPILATION_MODE = wholemodule;
				SWIFT_OPTIMIZATION_LEVEL = "-O";
				VALIDATE_PRODUCT = YES;
			};
			name = Release;
		};
		84DB03A127F377D0008CF11C /* Debug */ = {
			isa = XCBuildConfiguration;
			buildSettings = {
				ASSETCATALOG_COMPILER_APPICON_NAME = AppIcon;
				ASSETCATALOG_COMPILER_GLOBAL_ACCENT_COLOR_NAME = AccentColor;
				CODE_SIGN_STYLE = Automatic;
				CURRENT_PROJECT_VERSION = 1;
				DEVELOPMENT_TEAM = VAPL2C8V2X;
				GENERATE_INFOPLIST_FILE = YES;
				INFOPLIST_FILE = Weather/Info.plist;
				INFOPLIST_KEY_UIApplicationSupportsIndirectInputEvents = YES;
				INFOPLIST_KEY_UILaunchStoryboardName = LaunchScreen;
				INFOPLIST_KEY_UISupportedInterfaceOrientations_iPad = "UIInterfaceOrientationPortrait UIInterfaceOrientationPortraitUpsideDown UIInterfaceOrientationLandscapeLeft UIInterfaceOrientationLandscapeRight";
				INFOPLIST_KEY_UISupportedInterfaceOrientations_iPhone = "UIInterfaceOrientationPortrait UIInterfaceOrientationLandscapeLeft UIInterfaceOrientationLandscapeRight";
				LD_RUNPATH_SEARCH_PATHS = (
					"$(inherited)",
					"@executable_path/Frameworks",
				);
				MARKETING_VERSION = 1.0;
				PRODUCT_BUNDLE_IDENTIFIER = ivanPunchMan.Weather;
				PRODUCT_NAME = "$(TARGET_NAME)";
				SWIFT_EMIT_LOC_STRINGS = YES;
				SWIFT_VERSION = 5.0;
				TARGETED_DEVICE_FAMILY = "1,2";
			};
			name = Debug;
		};
		84DB03A227F377D0008CF11C /* Release */ = {
			isa = XCBuildConfiguration;
			buildSettings = {
				ASSETCATALOG_COMPILER_APPICON_NAME = AppIcon;
				ASSETCATALOG_COMPILER_GLOBAL_ACCENT_COLOR_NAME = AccentColor;
				CODE_SIGN_STYLE = Automatic;
				CURRENT_PROJECT_VERSION = 1;
				DEVELOPMENT_TEAM = VAPL2C8V2X;
				GENERATE_INFOPLIST_FILE = YES;
				INFOPLIST_FILE = Weather/Info.plist;
				INFOPLIST_KEY_UIApplicationSupportsIndirectInputEvents = YES;
				INFOPLIST_KEY_UILaunchStoryboardName = LaunchScreen;
				INFOPLIST_KEY_UISupportedInterfaceOrientations_iPad = "UIInterfaceOrientationPortrait UIInterfaceOrientationPortraitUpsideDown UIInterfaceOrientationLandscapeLeft UIInterfaceOrientationLandscapeRight";
				INFOPLIST_KEY_UISupportedInterfaceOrientations_iPhone = "UIInterfaceOrientationPortrait UIInterfaceOrientationLandscapeLeft UIInterfaceOrientationLandscapeRight";
				LD_RUNPATH_SEARCH_PATHS = (
					"$(inherited)",
					"@executable_path/Frameworks",
				);
				MARKETING_VERSION = 1.0;
				PRODUCT_BUNDLE_IDENTIFIER = ivanPunchMan.Weather;
				PRODUCT_NAME = "$(TARGET_NAME)";
				SWIFT_EMIT_LOC_STRINGS = YES;
				SWIFT_VERSION = 5.0;
				TARGETED_DEVICE_FAMILY = "1,2";
			};
			name = Release;
		};
/* End XCBuildConfiguration section */

/* Begin XCConfigurationList section */
		84DB038727F377CB008CF11C /* Build configuration list for PBXProject "Weather" */ = {
			isa = XCConfigurationList;
			buildConfigurations = (
				84DB039E27F377D0008CF11C /* Debug */,
				84DB039F27F377D0008CF11C /* Release */,
			);
			defaultConfigurationIsVisible = 0;
			defaultConfigurationName = Release;
		};
		84DB03A027F377D0008CF11C /* Build configuration list for PBXNativeTarget "Weather" */ = {
			isa = XCConfigurationList;
			buildConfigurations = (
				84DB03A127F377D0008CF11C /* Debug */,
				84DB03A227F377D0008CF11C /* Release */,
			);
			defaultConfigurationIsVisible = 0;
			defaultConfigurationName = Release;
		};
/* End XCConfigurationList section */
	};
	rootObject = 84DB038427F377CB008CF11C /* Project object */;
}
